# This file is autogenerated, do not edit; changes may be undone by the next 'dep ensure'.


[[projects]]
  digest = "1:1521cd4f52aa614642b44662c6efb90a5ae3097f9cd449e0d8848fc22be6f538"
  name = "github.com/bsr3000/rabbus"
  packages = ["internal/amqp"]
  pruneopts = ""
  revision = "8d35363110eabda761c28ec7bc4bfe2b38ac490a"
  version = "v2.0"

[[projects]]
  digest = "1:bce8004d981cc18e05d30bee5f119f8e708f6191df026a7361de90de42dbd92c"
  name = "github.com/rafaeljesus/rabbus"
  packages = [
    ".",
    "internal/amqp",
  ]
  pruneopts = ""
  revision = "086d921c442ae5210224920df8517fb862ef56d4"
  version = "v2.3.0"

[[projects]]
  branch = "master"
  digest = "1:7746754638136181a6474cf893f21eabc2b20322ea13ba77a5d7fd8f5ee6329f"
  name = "github.com/rafaeljesus/retry-go"
  packages = ["."]
  pruneopts = ""
  revision = "5981a380a87925ee03a78a7ff13574fabc804837"

[[projects]]
  digest = "1:6da8e0cefe2f311a7ed7ba4c8d33494815801c911a2a0fa8387e7cdc29ec8166"
  name = "github.com/sony/gobreaker"
  packages = ["."]
  pruneopts = ""
  revision = "e9556a45379ef1da12e54847edb2fb3d7d566f36"
  version = "0.3.0"

[[projects]]
  branch = "master"
  digest = "1:4658807d4ade3e68bce44a643d3aedc81cd9ec8609062866b07fe7a65758a406"
  name = "github.com/streadway/amqp"
  packages = ["."]
  pruneopts = ""
  revision = "a314942b2fd9dde7a3f70ba3f1062848ce6eb392"

[solve-meta]
  analyzer-name = "dep"
  analyzer-version = 1
  input-imports = [
    "github.com/bsr3000/rabbus/internal/amqp",
    "github.com/rafaeljesus/rabbus",
    "github.com/rafaeljesus/retry-go",
    "github.com/sony/gobreaker",
    "github.com/streadway/amqp",
  ]
  solver-name = "gps-cdcl"
  solver-version = 1
